// !$*UTF8*$!
{
	archiveVersion = 1;
	classes = {
	};
	objectVersion = 50;
	objects = {

/* Begin PBXBuildFile section */
		732B478B25D74972000F4D05 /* AppDelegate.swift in Sources */ = {isa = PBXBuildFile; fileRef = 732B478A25D74972000F4D05 /* AppDelegate.swift */; };
		732B478D25D74972000F4D05 /* SceneDelegate.swift in Sources */ = {isa = PBXBuildFile; fileRef = 732B478C25D74972000F4D05 /* SceneDelegate.swift */; };
		732B478F25D74972000F4D05 /* ViewController.swift in Sources */ = {isa = PBXBuildFile; fileRef = 732B478E25D74972000F4D05 /* ViewController.swift */; };
		732B479225D74972000F4D05 /* Main.storyboard in Resources */ = {isa = PBXBuildFile; fileRef = 732B479025D74972000F4D05 /* Main.storyboard */; };
		732B479425D74979000F4D05 /* Assets.xcassets in Resources */ = {isa = PBXBuildFile; fileRef = 732B479325D74979000F4D05 /* Assets.xcassets */; };
		732B479725D74979000F4D05 /* LaunchScreen.storyboard in Resources */ = {isa = PBXBuildFile; fileRef = 732B479525D74979000F4D05 /* LaunchScreen.storyboard */; };
		732B47A225D7497A000F4D05 /* flixsterTests.swift in Sources */ = {isa = PBXBuildFile; fileRef = 732B47A125D7497A000F4D05 /* flixsterTests.swift */; };
		732B47AD25D7497A000F4D05 /* flixsterUITests.swift in Sources */ = {isa = PBXBuildFile; fileRef = 732B47AC25D7497A000F4D05 /* flixsterUITests.swift */; };
/* End PBXBuildFile section */

/* Begin PBXContainerItemProxy section */
		732B479E25D7497A000F4D05 /* PBXContainerItemProxy */ = {
			isa = PBXContainerItemProxy;
			containerPortal = 732B477F25D74972000F4D05 /* Project object */;
			proxyType = 1;
			remoteGlobalIDString = 732B478625D74972000F4D05;
			remoteInfo = flixster;
		};
		732B47A925D7497A000F4D05 /* PBXContainerItemProxy */ = {
			isa = PBXContainerItemProxy;
			containerPortal = 732B477F25D74972000F4D05 /* Project object */;
			proxyType = 1;
			remoteGlobalIDString = 732B478625D74972000F4D05;
			remoteInfo = flixster;
		};
/* End PBXContainerItemProxy section */

/* Begin PBXFileReference section */
		732B478725D74972000F4D05 /* flixster.app */ = {isa = PBXFileReference; explicitFileType = wrapper.application; includeInIndex = 0; path = flixster.app; sourceTree = BUILT_PRODUCTS_DIR; };
		732B478A25D74972000F4D05 /* AppDelegate.swift */ = {isa = PBXFileReference; lastKnownFileType = sourcecode.swift; path = AppDelegate.swift; sourceTree = "<group>"; };
		732B478C25D74972000F4D05 /* SceneDelegate.swift */ = {isa = PBXFileReference; lastKnownFileType = sourcecode.swift; path = SceneDelegate.swift; sourceTree = "<group>"; };
		732B478E25D74972000F4D05 /* ViewController.swift */ = {isa = PBXFileReference; lastKnownFileType = sourcecode.swift; path = ViewController.swift; sourceTree = "<group>"; };
		732B479125D74972000F4D05 /* Base */ = {isa = PBXFileReference; lastKnownFileType = file.storyboard; name = Base; path = Base.lproj/Main.storyboard; sourceTree = "<group>"; };
		732B479325D74979000F4D05 /* Assets.xcassets */ = {isa = PBXFileReference; lastKnownFileType = folder.assetcatalog; path = Assets.xcassets; sourceTree = "<group>"; };
		732B479625D74979000F4D05 /* Base */ = {isa = PBXFileReference; lastKnownFileType = file.storyboard; name = Base; path = Base.lproj/LaunchScreen.storyboard; sourceTree = "<group>"; };
		732B479825D74979000F4D05 /* Info.plist */ = {isa = PBXFileReference; lastKnownFileType = text.plist.xml; path = Info.plist; sourceTree = "<group>"; };
		732B479D25D7497A000F4D05 /* flixsterTests.xctest */ = {isa = PBXFileReference; explicitFileType = wrapper.cfbundle; includeInIndex = 0; path = flixsterTests.xctest; sourceTree = BUILT_PRODUCTS_DIR; };
		732B47A125D7497A000F4D05 /* flixsterTests.swift */ = {isa = PBXFileReference; lastKnownFileType = sourcecode.swift; path = flixsterTests.swift; sourceTree = "<group>"; };
		732B47A325D7497A000F4D05 /* Info.plist */ = {isa = PBXFileReference; lastKnownFileType = text.plist.xml; path = Info.plist; sourceTree = "<group>"; };
		732B47A825D7497A000F4D05 /* flixsterUITests.xctest */ = {isa = PBXFileReference; explicitFileType = wrapper.cfbundle; includeInIndex = 0; path = flixsterUITests.xctest; sourceTree = BUILT_PRODUCTS_DIR; };
		732B47AC25D7497A000F4D05 /* flixsterUITests.swift */ = {isa = PBXFileReference; lastKnownFileType = sourcecode.swift; path = flixsterUITests.swift; sourceTree = "<group>"; };
		732B47AE25D7497A000F4D05 /* Info.plist */ = {isa = PBXFileReference; lastKnownFileType = text.plist.xml; path = Info.plist; sourceTree = "<group>"; };
/* End PBXFileReference section */

/* Begin PBXFrameworksBuildPhase section */
		732B478425D74972000F4D05 /* Frameworks */ = {
			isa = PBXFrameworksBuildPhase;
			buildActionMask = 2147483647;
			files = (
			);
			runOnlyForDeploymentPostprocessing = 0;
		};
		732B479A25D7497A000F4D05 /* Frameworks */ = {
			isa = PBXFrameworksBuildPhase;
			buildActionMask = 2147483647;
			files = (
			);
			runOnlyForDeploymentPostprocessing = 0;
		};
		732B47A525D7497A000F4D05 /* Frameworks */ = {
			isa = PBXFrameworksBuildPhase;
			buildActionMask = 2147483647;
			files = (
			);
			runOnlyForDeploymentPostprocessing = 0;
		};
/* End PBXFrameworksBuildPhase section */

/* Begin PBXGroup section */
		732B477E25D74972000F4D05 = {
			isa = PBXGroup;
			children = (
				732B478925D74972000F4D05 /* flixster */,
				732B47A025D7497A000F4D05 /* flixsterTests */,
				732B47AB25D7497A000F4D05 /* flixsterUITests */,
				732B478825D74972000F4D05 /* Products */,
			);
			sourceTree = "<group>";
		};
		732B478825D74972000F4D05 /* Products */ = {
			isa = PBXGroup;
			children = (
				732B478725D74972000F4D05 /* flixster.app */,
				732B479D25D7497A000F4D05 /* flixsterTests.xctest */,
				732B47A825D7497A000F4D05 /* flixsterUITests.xctest */,
			);
			name = Products;
			sourceTree = "<group>";
		};
		732B478925D74972000F4D05 /* flixster */ = {
			isa = PBXGroup;
			children = (
				732B478A25D74972000F4D05 /* AppDelegate.swift */,
				732B478C25D74972000F4D05 /* SceneDelegate.swift */,
				732B478E25D74972000F4D05 /* ViewController.swift */,
				732B479025D74972000F4D05 /* Main.storyboard */,
				732B479325D74979000F4D05 /* Assets.xcassets */,
				732B479525D74979000F4D05 /* LaunchScreen.storyboard */,
				732B479825D74979000F4D05 /* Info.plist */,
			);
			path = flixster;
			sourceTree = "<group>";
		};
		732B47A025D7497A000F4D05 /* flixsterTests */ = {
			isa = PBXGroup;
			children = (
				732B47A125D7497A000F4D05 /* flixsterTests.swift */,
				732B47A325D7497A000F4D05 /* Info.plist */,
			);
			path = flixsterTests;
			sourceTree = "<group>";
		};
		732B47AB25D7497A000F4D05 /* flixsterUITests */ = {
			isa = PBXGroup;
			children = (
				732B47AC25D7497A000F4D05 /* flixsterUITests.swift */,
				732B47AE25D7497A000F4D05 /* Info.plist */,
			);
			path = flixsterUITests;
			sourceTree = "<group>";
		};
/* End PBXGroup section */

/* Begin PBXNativeTarget section */
		732B478625D74972000F4D05 /* flixster */ = {
			isa = PBXNativeTarget;
			buildConfigurationList = 732B47B125D7497A000F4D05 /* Build configuration list for PBXNativeTarget "flixster" */;
			buildPhases = (
				732B478325D74972000F4D05 /* Sources */,
				732B478425D74972000F4D05 /* Frameworks */,
				732B478525D74972000F4D05 /* Resources */,
			);
			buildRules = (
			);
			dependencies = (
			);
			name = flixster;
			productName = flixster;
			productReference = 732B478725D74972000F4D05 /* flixster.app */;
			productType = "com.apple.product-type.application";
		};
		732B479C25D7497A000F4D05 /* flixsterTests */ = {
			isa = PBXNativeTarget;
			buildConfigurationList = 732B47B425D7497A000F4D05 /* Build configuration list for PBXNativeTarget "flixsterTests" */;
			buildPhases = (
				732B479925D7497A000F4D05 /* Sources */,
				732B479A25D7497A000F4D05 /* Frameworks */,
				732B479B25D7497A000F4D05 /* Resources */,
			);
			buildRules = (
			);
			dependencies = (
				732B479F25D7497A000F4D05 /* PBXTargetDependency */,
			);
			name = flixsterTests;
			productName = flixsterTests;
			productReference = 732B479D25D7497A000F4D05 /* flixsterTests.xctest */;
			productType = "com.apple.product-type.bundle.unit-test";
		};
		732B47A725D7497A000F4D05 /* flixsterUITests */ = {
			isa = PBXNativeTarget;
			buildConfigurationList = 732B47B725D7497A000F4D05 /* Build configuration list for PBXNativeTarget "flixsterUITests" */;
			buildPhases = (
				732B47A425D7497A000F4D05 /* Sources */,
				732B47A525D7497A000F4D05 /* Frameworks */,
				732B47A625D7497A000F4D05 /* Resources */,
			);
			buildRules = (
			);
			dependencies = (
				732B47AA25D7497A000F4D05 /* PBXTargetDependency */,
			);
			name = flixsterUITests;
			productName = flixsterUITests;
			productReference = 732B47A825D7497A000F4D05 /* flixsterUITests.xctest */;
			productType = "com.apple.product-type.bundle.ui-testing";
		};
/* End PBXNativeTarget section */

/* Begin PBXProject section */
		732B477F25D74972000F4D05 /* Project object */ = {
			isa = PBXProject;
			attributes = {
				LastSwiftUpdateCheck = 1230;
				LastUpgradeCheck = 1230;
				TargetAttributes = {
					732B478625D74972000F4D05 = {
						CreatedOnToolsVersion = 12.3;
					};
					732B479C25D7497A000F4D05 = {
						CreatedOnToolsVersion = 12.3;
						TestTargetID = 732B478625D74972000F4D05;
					};
					732B47A725D7497A000F4D05 = {
						CreatedOnToolsVersion = 12.3;
						TestTargetID = 732B478625D74972000F4D05;
					};
				};
			};
			buildConfigurationList = 732B478225D74972000F4D05 /* Build configuration list for PBXProject "flixster" */;
			compatibilityVersion = "Xcode 9.3";
			developmentRegion = en;
			hasScannedForEncodings = 0;
			knownRegions = (
				en,
				Base,
			);
			mainGroup = 732B477E25D74972000F4D05;
			productRefGroup = 732B478825D74972000F4D05 /* Products */;
			projectDirPath = "";
			projectRoot = "";
			targets = (
				732B478625D74972000F4D05 /* flixster */,
				732B479C25D7497A000F4D05 /* flixsterTests */,
				732B47A725D7497A000F4D05 /* flixsterUITests */,
			);
		};
/* End PBXProject section */

/* Begin PBXResourcesBuildPhase section */
		732B478525D74972000F4D05 /* Resources */ = {
			isa = PBXResourcesBuildPhase;
			buildActionMask = 2147483647;
			files = (
				732B479725D74979000F4D05 /* LaunchScreen.storyboard in Resources */,
				732B479425D74979000F4D05 /* Assets.xcassets in Resources */,
				732B479225D74972000F4D05 /* Main.storyboard in Resources */,
			);
			runOnlyForDeploymentPostprocessing = 0;
		};
		732B479B25D7497A000F4D05 /* Resources */ = {
			isa = PBXResourcesBuildPhase;
			buildActionMask = 2147483647;
			files = (
			);
			runOnlyForDeploymentPostprocessing = 0;
		};
		732B47A625D7497A000F4D05 /* Resources */ = {
			isa = PBXResourcesBuildPhase;
			buildActionMask = 2147483647;
			files = (
			);
			runOnlyForDeploymentPostprocessing = 0;
		};
/* End PBXResourcesBuildPhase section */

/* Begin PBXSourcesBuildPhase section */
		732B478325D74972000F4D05 /* Sources */ = {
			isa = PBXSourcesBuildPhase;
			buildActionMask = 2147483647;
			files = (
				732B478F25D74972000F4D05 /* ViewController.swift in Sources */,
				732B478B25D74972000F4D05 /* AppDelegate.swift in Sources */,
				732B478D25D74972000F4D05 /* SceneDelegate.swift in Sources */,
			);
			runOnlyForDeploymentPostprocessing = 0;
		};
		732B479925D7497A000F4D05 /* Sources */ = {
			isa = PBXSourcesBuildPhase;
			buildActionMask = 2147483647;
			files = (
				732B47A225D7497A000F4D05 /* flixsterTests.swift in Sources */,
			);
			runOnlyForDeploymentPostprocessing = 0;
		};
		732B47A425D7497A000F4D05 /* Sources */ = {
			isa = PBXSourcesBuildPhase;
			buildActionMask = 2147483647;
			files = (
				732B47AD25D7497A000F4D05 /* flixsterUITests.swift in Sources */,
			);
			runOnlyForDeploymentPostprocessing = 0;
		};
/* End PBXSourcesBuildPhase section */

/* Begin PBXTargetDependency section */
		732B479F25D7497A000F4D05 /* PBXTargetDependency */ = {
			isa = PBXTargetDependency;
			target = 732B478625D74972000F4D05 /* flixster */;
			targetProxy = 732B479E25D7497A000F4D05 /* PBXContainerItemProxy */;
		};
		732B47AA25D7497A000F4D05 /* PBXTargetDependency */ = {
			isa = PBXTargetDependency;
			target = 732B478625D74972000F4D05 /* flixster */;
			targetProxy = 732B47A925D7497A000F4D05 /* PBXContainerItemProxy */;
		};
/* End PBXTargetDependency section */

/* Begin PBXVariantGroup section */
		732B479025D74972000F4D05 /* Main.storyboard */ = {
			isa = PBXVariantGroup;
			children = (
				732B479125D74972000F4D05 /* Base */,
			);
			name = Main.storyboard;
			sourceTree = "<group>";
		};
		732B479525D74979000F4D05 /* LaunchScreen.storyboard */ = {
			isa = PBXVariantGroup;
			children = (
				732B479625D74979000F4D05 /* Base */,
			);
			name = LaunchScreen.storyboard;
			sourceTree = "<group>";
		};
/* End PBXVariantGroup section */

/* Begin XCBuildConfiguration section */
		732B47AF25D7497A000F4D05 /* Debug */ = {
			isa = XCBuildConfiguration;
			buildSettings = {
				ALWAYS_SEARCH_USER_PATHS = NO;
				CLANG_ANALYZER_NONNULL = YES;
				CLANG_ANALYZER_NUMBER_OBJECT_CONVERSION = YES_AGGRESSIVE;
				CLANG_CXX_LANGUAGE_STANDARD = "gnu++14";
				CLANG_CXX_LIBRARY = "libc++";
				CLANG_ENABLE_MODULES = YES;
				CLANG_ENABLE_OBJC_ARC = YES;
				CLANG_ENABLE_OBJC_WEAK = YES;
				CLANG_WARN_BLOCK_CAPTURE_AUTORELEASING = YES;
				CLANG_WARN_BOOL_CONVERSION = YES;
				CLANG_WARN_COMMA = YES;
				CLANG_WARN_CONSTANT_CONVERSION = YES;
				CLANG_WARN_DEPRECATED_OBJC_IMPLEMENTATIONS = YES;
				CLANG_WARN_DIRECT_OBJC_ISA_USAGE = YES_ERROR;
				CLANG_WARN_DOCUMENTATION_COMMENTS = YES;
				CLANG_WARN_EMPTY_BODY = YES;
				CLANG_WARN_ENUM_CONVERSION = YES;
				CLANG_WARN_INFINITE_RECURSION = YES;
				CLANG_WARN_INT_CONVERSION = YES;
				CLANG_WARN_NON_LITERAL_NULL_CONVERSION = YES;
				CLANG_WARN_OBJC_IMPLICIT_RETAIN_SELF = YES;
				CLANG_WARN_OBJC_LITERAL_CONVERSION = YES;
				CLANG_WARN_OBJC_ROOT_CLASS = YES_ERROR;
				CLANG_WARN_QUOTED_INCLUDE_IN_FRAMEWORK_HEADER = YES;
				CLANG_WARN_RANGE_LOOP_ANALYSIS = YES;
				CLANG_WARN_STRICT_PROTOTYPES = YES;
				CLANG_WARN_SUSPICIOUS_MOVE = YES;
				CLANG_WARN_UNGUARDED_AVAILABILITY = YES_AGGRESSIVE;
				CLANG_WARN_UNREACHABLE_CODE = YES;
				CLANG_WARN__DUPLICATE_METHOD_MATCH = YES;
				COPY_PHASE_STRIP = NO;
				DEBUG_INFORMATION_FORMAT = dwarf;
				ENABLE_STRICT_OBJC_MSGSEND = YES;
				ENABLE_TESTABILITY = YES;
				GCC_C_LANGUAGE_STANDARD = gnu11;
				GCC_DYNAMIC_NO_PIC = NO;
				GCC_NO_COMMON_BLOCKS = YES;
				GCC_OPTIMIZATION_LEVEL = 0;
				GCC_PREPROCESSOR_DEFINITIONS = (
					"DEBUG=1",
					"$(inherited)",
				);
				GCC_WARN_64_TO_32_BIT_CONVERSION = YES;
				GCC_WARN_ABOUT_RETURN_TYPE = YES_ERROR;
				GCC_WARN_UNDECLARED_SELECTOR = YES;
				GCC_WARN_UNINITIALIZED_AUTOS = YES_AGGRESSIVE;
				GCC_WARN_UNUSED_FUNCTION = YES;
				GCC_WARN_UNUSED_VARIABLE = YES;
				IPHONEOS_DEPLOYMENT_TARGET = 14.3;
				MTL_ENABLE_DEBUG_INFO = INCLUDE_SOURCE;
				MTL_FAST_MATH = YES;
				ONLY_ACTIVE_ARCH = YES;
				SDKROOT = iphoneos;
				SWIFT_ACTIVE_COMPILATION_CONDITIONS = DEBUG;
				SWIFT_OPTIMIZATION_LEVEL = "-Onone";
			};
			name = Debug;
		};
		732B47B025D7497A000F4D05 /* Release */ = {
			isa = XCBuildConfiguration;
			buildSettings = {
				ALWAYS_SEARCH_USER_PATHS = NO;
				CLANG_ANALYZER_NONNULL = YES;
				CLANG_ANALYZER_NUMBER_OBJECT_CONVERSION = YES_AGGRESSIVE;
				CLANG_CXX_LANGUAGE_STANDARD = "gnu++14";
				CLANG_CXX_LIBRARY = "libc++";
				CLANG_ENABLE_MODULES = YES;
				CLANG_ENABLE_OBJC_ARC = YES;
				CLANG_ENABLE_OBJC_WEAK = YES;
				CLANG_WARN_BLOCK_CAPTURE_AUTORELEASING = YES;
				CLANG_WARN_BOOL_CONVERSION = YES;
				CLANG_WARN_COMMA = YES;
				CLANG_WARN_CONSTANT_CONVERSION = YES;
				CLANG_WARN_DEPRECATED_OBJC_IMPLEMENTATIONS = YES;
				CLANG_WARN_DIRECT_OBJC_ISA_USAGE = YES_ERROR;
				CLANG_WARN_DOCUMENTATION_COMMENTS = YES;
				CLANG_WARN_EMPTY_BODY = YES;
				CLANG_WARN_ENUM_CONVERSION = YES;
				CLANG_WARN_INFINITE_RECURSION = YES;
				CLANG_WARN_INT_CONVERSION = YES;
				CLANG_WARN_NON_LITERAL_NULL_CONVERSION = YES;
				CLANG_WARN_OBJC_IMPLICIT_RETAIN_SELF = YES;
				CLANG_WARN_OBJC_LITERAL_CONVERSION = YES;
				CLANG_WARN_OBJC_ROOT_CLASS = YES_ERROR;
				CLANG_WARN_QUOTED_INCLUDE_IN_FRAMEWORK_HEADER = YES;
				CLANG_WARN_RANGE_LOOP_ANALYSIS = YES;
				CLANG_WARN_STRICT_PROTOTYPES = YES;
				CLANG_WARN_SUSPICIOUS_MOVE = YES;
				CLANG_WARN_UNGUARDED_AVAILABILITY = YES_AGGRESSIVE;
				CLANG_WARN_UNREACHABLE_CODE = YES;
				CLANG_WARN__DUPLICATE_METHOD_MATCH = YES;
				COPY_PHASE_STRIP = NO;
				DEBUG_INFORMATION_FORMAT = "dwarf-with-dsym";
				ENABLE_NS_ASSERTIONS = NO;
				ENABLE_STRICT_OBJC_MSGSEND = YES;
				GCC_C_LANGUAGE_STANDARD = gnu11;
				GCC_NO_COMMON_BLOCKS = YES;
				GCC_WARN_64_TO_32_BIT_CONVERSION = YES;
				GCC_WARN_ABOUT_RETURN_TYPE = YES_ERROR;
				GCC_WARN_UNDECLARED_SELECTOR = YES;
				GCC_WARN_UNINITIALIZED_AUTOS = YES_AGGRESSIVE;
				GCC_WARN_UNUSED_FUNCTION = YES;
				GCC_WARN_UNUSED_VARIABLE = YES;
				IPHONEOS_DEPLOYMENT_TARGET = 14.3;
				MTL_ENABLE_DEBUG_INFO = NO;
				MTL_FAST_MATH = YES;
				SDKROOT = iphoneos;
				SWIFT_COMPILATION_MODE = wholemodule;
				SWIFT_OPTIMIZATION_LEVEL = "-O";
				VALIDATE_PRODUCT = YES;
			};
			name = Release;
		};
		732B47B225D7497A000F4D05 /* Debug */ = {
			isa = XCBuildConfiguration;
			buildSettings = {
				ASSETCATALOG_COMPILER_APPICON_NAME = AppIcon;
				ASSETCATALOG_COMPILER_GLOBAL_ACCENT_COLOR_NAME = AccentColor;
				CODE_SIGN_STYLE = Automatic;
				INFOPLIST_FILE = flixster/Info.plist;
				LD_RUNPATH_SEARCH_PATHS = (
					"$(inherited)",
					"@executable_path/Frameworks",
				);
				PRODUCT_BUNDLE_IDENTIFIER = "mikael.kaufman-icloud.com.flixster";
				PRODUCT_NAME = "$(TARGET_NAME)";
				SWIFT_VERSION = 5.0;
				TARGETED_DEVICE_FAMILY = "1,2";
			};
			name = Debug;
		};
		732B47B325D7497A000F4D05 /* Release */ = {
			isa = XCBuildConfiguration;
			buildSettings = {
				ASSETCATALOG_COMPILER_APPICON_NAME = AppIcon;
				ASSETCATALOG_COMPILER_GLOBAL_ACCENT_COLOR_NAME = AccentColor;
				CODE_SIGN_STYLE = Automatic;
				INFOPLIST_FILE = flixster/Info.plist;
				LD_RUNPATH_SEARCH_PATHS = (
					"$(inherited)",
					"@executable_path/Frameworks",
				);
				PRODUCT_BUNDLE_IDENTIFIER = "mikael.kaufman-icloud.com.flixster";
				PRODUCT_NAME = "$(TARGET_NAME)";
				SWIFT_VERSION = 5.0;
				TARGETED_DEVICE_FAMILY = "1,2";
			};
			name = Release;
		};
		732B47B525D7497A000F4D05 /* Debug */ = {
			isa = XCBuildConfiguration;
			buildSettings = {
				ALWAYS_EMBED_SWIFT_STANDARD_LIBRARIES = YES;
				BUNDLE_LOADER = "$(TEST_HOST)";
				CODE_SIGN_STYLE = Automatic;
				INFOPLIST_FILE = flixsterTests/Info.plist;
				IPHONEOS_DEPLOYMENT_TARGET = 14.3;
				LD_RUNPATH_SEARCH_PATHS = (
					"$(inherited)",
					"@executable_path/Frameworks",
					"@loader_path/Frameworks",
				);
				PRODUCT_BUNDLE_IDENTIFIER = "mikael.kaufman-icloud.com.flixsterTests";
				PRODUCT_NAME = "$(TARGET_NAME)";
				SWIFT_VERSION = 5.0;
				TARGETED_DEVICE_FAMILY = "1,2";
				TEST_HOST = "$(BUILT_PRODUCTS_DIR)/flixster.app/flixster";
			};
			name = Debug;
		};
		732B47B625D7497A000F4D05 /* Release */ = {
			isa = XCBuildConfiguration;
			buildSettings = {
				ALWAYS_EMBED_SWIFT_STANDARD_LIBRARIES = YES;
				BUNDLE_LOADER = "$(TEST_HOST)";
				CODE_SIGN_STYLE = Automatic;
				INFOPLIST_FILE = flixsterTests/Info.plist;
				IPHONEOS_DEPLOYMENT_TARGET = 14.3;
				LD_RUNPATH_SEARCH_PATHS = (
					"$(inherited)",
					"@executable_path/Frameworks",
					"@loader_path/Frameworks",
				);
				PRODUCT_BUNDLE_IDENTIFIER = "mikael.kaufman-icloud.com.flixsterTests";
				PRODUCT_NAME = "$(TARGET_NAME)";
				SWIFT_VERSION = 5.0;
				TARGETED_DEVICE_FAMILY = "1,2";
				TEST_HOST = "$(BUILT_PRODUCTS_DIR)/flixster.app/flixster";
			};
			name = Release;
		};
		732B47B825D7497A000F4D05 /* Debug */ = {
			isa = XCBuildConfiguration;
			buildSettings = {
				ALWAYS_EMBED_SWIFT_STANDARD_LIBRARIES = YES;
				CODE_SIGN_STYLE = Automatic;
				INFOPLIST_FILE = flixsterUITests/Info.plist;
				LD_RUNPATH_SEARCH_PATHS = (
					"$(inherited)",
					"@executable_path/Frameworks",
					"@loader_path/Frameworks",
				);
				PRODUCT_BUNDLE_IDENTIFIER = "mikael.kaufman-icloud.com.flixsterUITests";
				PRODUCT_NAME = "$(TARGET_NAME)";
				SWIFT_VERSION = 5.0;
				TARGETED_DEVICE_FAMILY = "1,2";
				TEST_TARGET_NAME = flixster;
			};
			name = Debug;
		};
		732B47B925D7497A000F4D05 /* Release */ = {
			isa = XCBuildConfiguration;
			buildSettings = {
				ALWAYS_EMBED_SWIFT_STANDARD_LIBRARIES = YES;
				CODE_SIGN_STYLE = Automatic;
				INFOPLIST_FILE = flixsterUITests/Info.plist;
				LD_RUNPATH_SEARCH_PATHS = (
					"$(inherited)",
					"@executable_path/Frameworks",
					"@loader_path/Frameworks",
				);
				PRODUCT_BUNDLE_IDENTIFIER = "mikael.kaufman-icloud.com.flixsterUITests";
				PRODUCT_NAME = "$(TARGET_NAME)";
				SWIFT_VERSION = 5.0;
				TARGETED_DEVICE_FAMILY = "1,2";
				TEST_TARGET_NAME = flixster;
			};
			name = Release;
		};
/* End XCBuildConfiguration section */

/* Begin XCConfigurationList section */
		732B478225D74972000F4D05 /* Build configuration list for PBXProject "flixster" */ = {
			isa = XCConfigurationList;
			buildConfigurations = (
				732B47AF25D7497A000F4D05 /* Debug */,
				732B47B025D7497A000F4D05 /* Release */,
			);
			defaultConfigurationIsVisible = 0;
			defaultConfigurationName = Release;
		};
		732B47B125D7497A000F4D05 /* Build configuration list for PBXNativeTarget "flixster" */ = {
			isa = XCConfigurationList;
			buildConfigurations = (
				732B47B225D7497A000F4D05 /* Debug */,
				732B47B325D7497A000F4D05 /* Release */,
			);
			defaultConfigurationIsVisible = 0;
			defaultConfigurationName = Release;
		};
		732B47B425D7497A000F4D05 /* Build configuration list for PBXNativeTarget "flixsterTests" */ = {
			isa = XCConfigurationList;
			buildConfigurations = (
				732B47B525D7497A000F4D05 /* Debug */,
				732B47B625D7497A000F4D05 /* Release */,
			);
			defaultConfigurationIsVisible = 0;
			defaultConfigurationName = Release;
		};
		732B47B725D7497A000F4D05 /* Build configuration list for PBXNativeTarget "flixsterUITests" */ = {
			isa = XCConfigurationList;
			buildConfigurations = (
				732B47B825D7497A000F4D05 /* Debug */,
				732B47B925D7497A000F4D05 /* Release */,
			);
			defaultConfigurationIsVisible = 0;
			defaultConfigurationName = Release;
		};
/* End XCConfigurationList section */
	};
	rootObject = 732B477F25D74972000F4D05 /* Project object */;
}
